// !$*UTF8*$!
{
	archiveVersion = 1;
	classes = {
	};
	objectVersion = 56;
	objects = {

/* Begin PBXBuildFile section */
		810AB49A2BD61E7200E65B4A /* main.cpp in Sources */ = {isa = PBXBuildFile; fileRef = 810AB4992BD61E7200E65B4A /* main.cpp */; };
		810AB4A22BD61E9600E65B4A /* t137.cpp in Sources */ = {isa = PBXBuildFile; fileRef = 810AB4A02BD61E9600E65B4A /* t137.cpp */; };
		810AB4A52BD697D200E65B4A /* t201.cpp in Sources */ = {isa = PBXBuildFile; fileRef = 810AB4A32BD697D200E65B4A /* t201.cpp */; };
		810AB4A82BD7B8B200E65B4A /* t502.cpp in Sources */ = {isa = PBXBuildFile; fileRef = 810AB4A62BD7B8B200E65B4A /* t502.cpp */; };
		810AB4AB2BD7F70100E65B4A /* t373.cpp in Sources */ = {isa = PBXBuildFile; fileRef = 810AB4A92BD7F70100E65B4A /* t373.cpp */; };
		8129CC7A2BDD3C38004FCF24 /* t153.cpp in Sources */ = {isa = PBXBuildFile; fileRef = 8129CC782BDD3C38004FCF24 /* t153.cpp */; };
		8190B0842BDE97F400BEDDB9 /* t4.cpp in Sources */ = {isa = PBXBuildFile; fileRef = 8190B0822BDE97F400BEDDB9 /* t4.cpp */; };
		81D3E01C2BDD2DD600929445 /* t34.cpp in Sources */ = {isa = PBXBuildFile; fileRef = 81D3E01A2BDD2DD600929445 /* t34.cpp */; };
/* End PBXBuildFile section */

/* Begin PBXCopyFilesBuildPhase section */
		810AB4942BD61E7200E65B4A /* CopyFiles */ = {
			isa = PBXCopyFilesBuildPhase;
			buildActionMask = 2147483647;
			dstPath = /usr/share/man/man1/;
			dstSubfolderSpec = 0;
			files = (
			);
			runOnlyForDeploymentPostprocessing = 1;
		};
/* End PBXCopyFilesBuildPhase section */

/* Begin PBXFileReference section */
		810AB4962BD61E7200E65B4A /* algorithms */ = {isa = PBXFileReference; explicitFileType = "compiled.mach-o.executable"; includeInIndex = 0; path = algorithms; sourceTree = BUILT_PRODUCTS_DIR; };
		810AB4992BD61E7200E65B4A /* main.cpp */ = {isa = PBXFileReference; lastKnownFileType = sourcecode.cpp.cpp; path = main.cpp; sourceTree = "<group>"; };
		810AB4A02BD61E9600E65B4A /* t137.cpp */ = {isa = PBXFileReference; lastKnownFileType = sourcecode.cpp.cpp; path = t137.cpp; sourceTree = "<group>"; };
		810AB4A12BD61E9600E65B4A /* t137.hpp */ = {isa = PBXFileReference; lastKnownFileType = sourcecode.cpp.h; path = t137.hpp; sourceTree = "<group>"; };
		810AB4A32BD697D200E65B4A /* t201.cpp */ = {isa = PBXFileReference; lastKnownFileType = sourcecode.cpp.cpp; path = t201.cpp; sourceTree = "<group>"; };
		810AB4A42BD697D200E65B4A /* t201.hpp */ = {isa = PBXFileReference; lastKnownFileType = sourcecode.cpp.h; path = t201.hpp; sourceTree = "<group>"; };
		810AB4A62BD7B8B200E65B4A /* t502.cpp */ = {isa = PBXFileReference; lastKnownFileType = sourcecode.cpp.cpp; path = t502.cpp; sourceTree = "<group>"; };
		810AB4A72BD7B8B200E65B4A /* t502.hpp */ = {isa = PBXFileReference; lastKnownFileType = sourcecode.cpp.h; path = t502.hpp; sourceTree = "<group>"; };
		810AB4A92BD7F70100E65B4A /* t373.cpp */ = {isa = PBXFileReference; lastKnownFileType = sourcecode.cpp.cpp; path = t373.cpp; sourceTree = "<group>"; };
		810AB4AA2BD7F70100E65B4A /* t373.hpp */ = {isa = PBXFileReference; lastKnownFileType = sourcecode.cpp.h; path = t373.hpp; sourceTree = "<group>"; };
		8129CC782BDD3C38004FCF24 /* t153.cpp */ = {isa = PBXFileReference; lastKnownFileType = sourcecode.cpp.cpp; path = t153.cpp; sourceTree = "<group>"; };
		8129CC792BDD3C38004FCF24 /* t153.hpp */ = {isa = PBXFileReference; lastKnownFileType = sourcecode.cpp.h; path = t153.hpp; sourceTree = "<group>"; };
		8190B0822BDE97F400BEDDB9 /* t4.cpp */ = {isa = PBXFileReference; lastKnownFileType = sourcecode.cpp.cpp; path = t4.cpp; sourceTree = "<group>"; };
		8190B0832BDE97F400BEDDB9 /* t4.hpp */ = {isa = PBXFileReference; lastKnownFileType = sourcecode.cpp.h; path = t4.hpp; sourceTree = "<group>"; };
		81D3E01A2BDD2DD600929445 /* t34.cpp */ = {isa = PBXFileReference; lastKnownFileType = sourcecode.cpp.cpp; path = t34.cpp; sourceTree = "<group>"; };
		81D3E01B2BDD2DD600929445 /* t34.hpp */ = {isa = PBXFileReference; lastKnownFileType = sourcecode.cpp.h; path = t34.hpp; sourceTree = "<group>"; };
/* End PBXFileReference section */

/* Begin PBXFrameworksBuildPhase section */
		810AB4932BD61E7200E65B4A /* Frameworks */ = {
			isa = PBXFrameworksBuildPhase;
			buildActionMask = 2147483647;
			files = (
			);
			runOnlyForDeploymentPostprocessing = 0;
		};
/* End PBXFrameworksBuildPhase section */

/* Begin PBXGroup section */
		810AB48D2BD61E7200E65B4A = {
			isa = PBXGroup;
			children = (
				810AB4982BD61E7200E65B4A /* algorithms */,
				810AB4972BD61E7200E65B4A /* Products */,
			);
			sourceTree = "<group>";
		};
		810AB4972BD61E7200E65B4A /* Products */ = {
			isa = PBXGroup;
			children = (
				810AB4962BD61E7200E65B4A /* algorithms */,
			);
			name = Products;
			sourceTree = "<group>";
		};
		810AB4982BD61E7200E65B4A /* algorithms */ = {
			isa = PBXGroup;
			children = (
				810AB4992BD61E7200E65B4A /* main.cpp */,
				810AB4A92BD7F70100E65B4A /* t373.cpp */,
				810AB4AA2BD7F70100E65B4A /* t373.hpp */,
				810AB4A62BD7B8B200E65B4A /* t502.cpp */,
				810AB4A72BD7B8B200E65B4A /* t502.hpp */,
				810AB4A02BD61E9600E65B4A /* t137.cpp */,
				810AB4A12BD61E9600E65B4A /* t137.hpp */,
				810AB4A32BD697D200E65B4A /* t201.cpp */,
				810AB4A42BD697D200E65B4A /* t201.hpp */,
				81D3E01A2BDD2DD600929445 /* t34.cpp */,
				81D3E01B2BDD2DD600929445 /* t34.hpp */,
				8129CC782BDD3C38004FCF24 /* t153.cpp */,
				8129CC792BDD3C38004FCF24 /* t153.hpp */,
				8190B0822BDE97F400BEDDB9 /* t4.cpp */,
				8190B0832BDE97F400BEDDB9 /* t4.hpp */,
			);
			path = algorithms;
			sourceTree = "<group>";
		};
/* End PBXGroup section */

/* Begin PBXNativeTarget section */
		810AB4952BD61E7200E65B4A /* algorithms */ = {
			isa = PBXNativeTarget;
			buildConfigurationList = 810AB49D2BD61E7200E65B4A /* Build configuration list for PBXNativeTarget "algorithms" */;
			buildPhases = (
				810AB4922BD61E7200E65B4A /* Sources */,
				810AB4932BD61E7200E65B4A /* Frameworks */,
				810AB4942BD61E7200E65B4A /* CopyFiles */,
			);
			buildRules = (
			);
			dependencies = (
			);
			name = algorithms;
			productName = algorithms;
			productReference = 810AB4962BD61E7200E65B4A /* algorithms */;
			productType = "com.apple.product-type.tool";
		};
/* End PBXNativeTarget section */

/* Begin PBXProject section */
		810AB48E2BD61E7200E65B4A /* Project object */ = {
			isa = PBXProject;
			attributes = {
				BuildIndependentTargetsInParallel = 1;
				LastUpgradeCheck = 1530;
				TargetAttributes = {
					810AB4952BD61E7200E65B4A = {
						CreatedOnToolsVersion = 15.3;
					};
				};
			};
			buildConfigurationList = 810AB4912BD61E7200E65B4A /* Build configuration list for PBXProject "algorithms" */;
			compatibilityVersion = "Xcode 14.0";
			developmentRegion = en;
			hasScannedForEncodings = 0;
			knownRegions = (
				en,
				Base,
			);
			mainGroup = 810AB48D2BD61E7200E65B4A;
			productRefGroup = 810AB4972BD61E7200E65B4A /* Products */;
			projectDirPath = "";
			projectRoot = "";
			targets = (
				810AB4952BD61E7200E65B4A /* algorithms */,
			);
		};
/* End PBXProject section */

/* Begin PBXSourcesBuildPhase section */
		810AB4922BD61E7200E65B4A /* Sources */ = {
			isa = PBXSourcesBuildPhase;
			buildActionMask = 2147483647;
			files = (
				810AB4A82BD7B8B200E65B4A /* t502.cpp in Sources */,
				810AB4A52BD697D200E65B4A /* t201.cpp in Sources */,
				810AB49A2BD61E7200E65B4A /* main.cpp in Sources */,
				81D3E01C2BDD2DD600929445 /* t34.cpp in Sources */,
				8129CC7A2BDD3C38004FCF24 /* t153.cpp in Sources */,
				810AB4AB2BD7F70100E65B4A /* t373.cpp in Sources */,
				810AB4A22BD61E9600E65B4A /* t137.cpp in Sources */,
				8190B0842BDE97F400BEDDB9 /* t4.cpp in Sources */,
			);
			runOnlyForDeploymentPostprocessing = 0;
		};
/* End PBXSourcesBuildPhase section */

/* Begin XCBuildConfiguration section */
		810AB49B2BD61E7200E65B4A /* Debug */ = {
			isa = XCBuildConfiguration;
			buildSettings = {
				ALWAYS_SEARCH_USER_PATHS = NO;
				ASSETCATALOG_COMPILER_GENERATE_SWIFT_ASSET_SYMBOL_EXTENSIONS = YES;
				CLANG_ANALYZER_NONNULL = YES;
				CLANG_ANALYZER_NUMBER_OBJECT_CONVERSION = YES_AGGRESSIVE;
				CLANG_CXX_LANGUAGE_STANDARD = "gnu++20";
				CLANG_ENABLE_MODULES = YES;
				CLANG_ENABLE_OBJC_ARC = YES;
				CLANG_ENABLE_OBJC_WEAK = YES;
				CLANG_WARN_BLOCK_CAPTURE_AUTORELEASING = YES;
				CLANG_WARN_BOOL_CONVERSION = YES;
				CLANG_WARN_COMMA = YES;
				CLANG_WARN_CONSTANT_CONVERSION = YES;
				CLANG_WARN_DEPRECATED_OBJC_IMPLEMENTATIONS = YES;
				CLANG_WARN_DIRECT_OBJC_ISA_USAGE = YES_ERROR;
				CLANG_WARN_DOCUMENTATION_COMMENTS = YES;
				CLANG_WARN_EMPTY_BODY = YES;
				CLANG_WARN_ENUM_CONVERSION = YES;
				CLANG_WARN_INFINITE_RECURSION = YES;
				CLANG_WARN_INT_CONVERSION = YES;
				CLANG_WARN_NON_LITERAL_NULL_CONVERSION = YES;
				CLANG_WARN_OBJC_IMPLICIT_RETAIN_SELF = YES;
				CLANG_WARN_OBJC_LITERAL_CONVERSION = YES;
				CLANG_WARN_OBJC_ROOT_CLASS = YES_ERROR;
				CLANG_WARN_QUOTED_INCLUDE_IN_FRAMEWORK_HEADER = YES;
				CLANG_WARN_RANGE_LOOP_ANALYSIS = YES;
				CLANG_WARN_STRICT_PROTOTYPES = YES;
				CLANG_WARN_SUSPICIOUS_MOVE = YES;
				CLANG_WARN_UNGUARDED_AVAILABILITY = YES_AGGRESSIVE;
				CLANG_WARN_UNREACHABLE_CODE = YES;
				CLANG_WARN__DUPLICATE_METHOD_MATCH = YES;
				COPY_PHASE_STRIP = NO;
				DEBUG_INFORMATION_FORMAT = dwarf;
				ENABLE_STRICT_OBJC_MSGSEND = YES;
				ENABLE_TESTABILITY = YES;
				ENABLE_USER_SCRIPT_SANDBOXING = YES;
				GCC_C_LANGUAGE_STANDARD = gnu17;
				GCC_DYNAMIC_NO_PIC = NO;
				GCC_NO_COMMON_BLOCKS = YES;
				GCC_OPTIMIZATION_LEVEL = 0;
				GCC_PREPROCESSOR_DEFINITIONS = (
					"DEBUG=1",
					"$(inherited)",
				);
				GCC_WARN_64_TO_32_BIT_CONVERSION = YES;
				GCC_WARN_ABOUT_RETURN_TYPE = YES_ERROR;
				GCC_WARN_UNDECLARED_SELECTOR = YES;
				GCC_WARN_UNINITIALIZED_AUTOS = YES_AGGRESSIVE;
				GCC_WARN_UNUSED_FUNCTION = YES;
				GCC_WARN_UNUSED_VARIABLE = YES;
				LOCALIZATION_PREFERS_STRING_CATALOGS = YES;
				MACOSX_DEPLOYMENT_TARGET = 14.4;
				MTL_ENABLE_DEBUG_INFO = INCLUDE_SOURCE;
				MTL_FAST_MATH = YES;
				ONLY_ACTIVE_ARCH = YES;
				SDKROOT = macosx;
			};
			name = Debug;
		};
		810AB49C2BD61E7200E65B4A /* Release */ = {
			isa = XCBuildConfiguration;
			buildSettings = {
				ALWAYS_SEARCH_USER_PATHS = NO;
				ASSETCATALOG_COMPILER_GENERATE_SWIFT_ASSET_SYMBOL_EXTENSIONS = YES;
				CLANG_ANALYZER_NONNULL = YES;
				CLANG_ANALYZER_NUMBER_OBJECT_CONVERSION = YES_AGGRESSIVE;
				CLANG_CXX_LANGUAGE_STANDARD = "gnu++20";
				CLANG_ENABLE_MODULES = YES;
				CLANG_ENABLE_OBJC_ARC = YES;
				CLANG_ENABLE_OBJC_WEAK = YES;
				CLANG_WARN_BLOCK_CAPTURE_AUTORELEASING = YES;
				CLANG_WARN_BOOL_CONVERSION = YES;
				CLANG_WARN_COMMA = YES;
				CLANG_WARN_CONSTANT_CONVERSION = YES;
				CLANG_WARN_DEPRECATED_OBJC_IMPLEMENTATIONS = YES;
				CLANG_WARN_DIRECT_OBJC_ISA_USAGE = YES_ERROR;
				CLANG_WARN_DOCUMENTATION_COMMENTS = YES;
				CLANG_WARN_EMPTY_BODY = YES;
				CLANG_WARN_ENUM_CONVERSION = YES;
				CLANG_WARN_INFINITE_RECURSION = YES;
				CLANG_WARN_INT_CONVERSION = YES;
				CLANG_WARN_NON_LITERAL_NULL_CONVERSION = YES;
				CLANG_WARN_OBJC_IMPLICIT_RETAIN_SELF = YES;
				CLANG_WARN_OBJC_LITERAL_CONVERSION = YES;
				CLANG_WARN_OBJC_ROOT_CLASS = YES_ERROR;
				CLANG_WARN_QUOTED_INCLUDE_IN_FRAMEWORK_HEADER = YES;
				CLANG_WARN_RANGE_LOOP_ANALYSIS = YES;
				CLANG_WARN_STRICT_PROTOTYPES = YES;
				CLANG_WARN_SUSPICIOUS_MOVE = YES;
				CLANG_WARN_UNGUARDED_AVAILABILITY = YES_AGGRESSIVE;
				CLANG_WARN_UNREACHABLE_CODE = YES;
				CLANG_WARN__DUPLICATE_METHOD_MATCH = YES;
				COPY_PHASE_STRIP = NO;
				DEBUG_INFORMATION_FORMAT = "dwarf-with-dsym";
				ENABLE_NS_ASSERTIONS = NO;
				ENABLE_STRICT_OBJC_MSGSEND = YES;
				ENABLE_USER_SCRIPT_SANDBOXING = YES;
				GCC_C_LANGUAGE_STANDARD = gnu17;
				GCC_NO_COMMON_BLOCKS = YES;
				GCC_WARN_64_TO_32_BIT_CONVERSION = YES;
				GCC_WARN_ABOUT_RETURN_TYPE = YES_ERROR;
				GCC_WARN_UNDECLARED_SELECTOR = YES;
				GCC_WARN_UNINITIALIZED_AUTOS = YES_AGGRESSIVE;
				GCC_WARN_UNUSED_FUNCTION = YES;
				GCC_WARN_UNUSED_VARIABLE = YES;
				LOCALIZATION_PREFERS_STRING_CATALOGS = YES;
				MACOSX_DEPLOYMENT_TARGET = 14.4;
				MTL_ENABLE_DEBUG_INFO = NO;
				MTL_FAST_MATH = YES;
				SDKROOT = macosx;
			};
			name = Release;
		};
		810AB49E2BD61E7200E65B4A /* Debug */ = {
			isa = XCBuildConfiguration;
			buildSettings = {
				CODE_SIGN_STYLE = Automatic;
				DEVELOPMENT_TEAM = 78PYV2M7Q4;
				ENABLE_HARDENED_RUNTIME = YES;
				PRODUCT_NAME = "$(TARGET_NAME)";
			};
			name = Debug;
		};
		810AB49F2BD61E7200E65B4A /* Release */ = {
			isa = XCBuildConfiguration;
			buildSettings = {
				CODE_SIGN_STYLE = Automatic;
				DEVELOPMENT_TEAM = 78PYV2M7Q4;
				ENABLE_HARDENED_RUNTIME = YES;
				PRODUCT_NAME = "$(TARGET_NAME)";
			};
			name = Release;
		};
/* End XCBuildConfiguration section */

/* Begin XCConfigurationList section */
		810AB4912BD61E7200E65B4A /* Build configuration list for PBXProject "algorithms" */ = {
			isa = XCConfigurationList;
			buildConfigurations = (
				810AB49B2BD61E7200E65B4A /* Debug */,
				810AB49C2BD61E7200E65B4A /* Release */,
			);
			defaultConfigurationIsVisible = 0;
			defaultConfigurationName = Release;
		};
		810AB49D2BD61E7200E65B4A /* Build configuration list for PBXNativeTarget "algorithms" */ = {
			isa = XCConfigurationList;
			buildConfigurations = (
				810AB49E2BD61E7200E65B4A /* Debug */,
				810AB49F2BD61E7200E65B4A /* Release */,
			);
			defaultConfigurationIsVisible = 0;
			defaultConfigurationName = Release;
		};
/* End XCConfigurationList section */
	};
	rootObject = 810AB48E2BD61E7200E65B4A /* Project object */;
}
